
Microsoft Visual Studio Solution File, Format Version 12.00
# Visual Studio Version 17
VisualStudioVersion = 17.0.31903.59
MinimumVisualStudioVersion = 10.0.40219.1
Project("{2150E333-8FDC-42A3-9474-1A3956D46DE8}") = "src", "src", "{827E0CD3-B72D-47B6-A68D-7590B98EB39B}"
EndProject
Project("{2150E333-8FDC-42A3-9474-1A3956D46DE8}") = "IdentityService", "IdentityService", "{F8B90FFE-BB37-8A69-F901-2B9289615797}"
EndProject
Project("{2150E333-8FDC-42A3-9474-1A3956D46DE8}") = "TrackService", "TrackService", "{ED281F1A-DB47-421A-A5BA-8AC678719907}"
EndProject
Project("{2150E333-8FDC-42A3-9474-1A3956D46DE8}") = "StreamingService", "StreamingService", "{9885C3BB-7D8D-475E-81DE-FF9DD6F794F4}"
EndProject
Project("{2150E333-8FDC-42A3-9474-1A3956D46DE8}") = "tests", "tests", "{1042D8D9-428C-4773-B0F1-A24D89E32F9E}"
EndProject
Project("{FAE04EC0-301F-11D3-BF4B-00C04F79EFBC}") = "IdentityService.Api", "src\IdentityService\IdentityService.Api\IdentityService.Api.csproj", "{B8B5088D-521C-47F7-A460-EB0E4379ED87}"
EndProject
Project("{FAE04EC0-301F-11D3-BF4B-00C04F79EFBC}") = "IdentityService.Application", "src\IdentityService\IdentityService.Application\IdentityService.Application.csproj", "{79A131ED-A417-44DD-B755-391855BD7644}"
EndProject
Project("{FAE04EC0-301F-11D3-BF4B-00C04F79EFBC}") = "IdentityService.Domain", "src\IdentityService\IdentityService.Domain\IdentityService.Domain.csproj", "{C3877C73-11A1-4583-9F7D-FF219309B1E9}"
EndProject
Project("{FAE04EC0-301F-11D3-BF4B-00C04F79EFBC}") = "IdentityService.Infrastructure", "src\IdentityService\IdentityService.Infrastructure\IdentityService.Infrastructure.csproj", "{E95FE4B1-5576-4AE8-A8F3-783EDBAF6202}"
EndProject
Project("{FAE04EC0-301F-11D3-BF4B-00C04F79EFBC}") = "StreamingService.Api", "src\StreamingService\StreamingService.Api\StreamingService.Api.csproj", "{CD5E6F7E-A70D-4F6F-A774-B8DF039E6E8F}"
EndProject
Project("{FAE04EC0-301F-11D3-BF4B-00C04F79EFBC}") = "StreamingService.Application", "src\StreamingService\StreamingService.Application\StreamingService.Application.csproj", "{40071B14-796E-458D-90A0-0DB0B6C317A2}"
EndProject
Project("{FAE04EC0-301F-11D3-BF4B-00C04F79EFBC}") = "StreamingService.Domain", "src\StreamingService\StreamingService.Domain\StreamingService.Domain.csproj", "{943302F1-DB2C-4F30-B942-956A56D91813}"
EndProject
Project("{FAE04EC0-301F-11D3-BF4B-00C04F79EFBC}") = "StreamingService.Infrastructure", "src\StreamingService\StreamingService.Infrastructure\StreamingService.Infrastructure.csproj", "{26FD99BB-3561-498B-BD22-FF577D1D8424}"
EndProject
Project("{FAE04EC0-301F-11D3-BF4B-00C04F79EFBC}") = "TrackService.Api", "src\TrackService\TrackService.Api\TrackService.Api.csproj", "{3B25B129-6D11-4D60-A692-FE1389F100C6}"
EndProject
Project("{FAE04EC0-301F-11D3-BF4B-00C04F79EFBC}") = "TrackService.Application", "src\TrackService\TrackService.Application\TrackService.Application.csproj", "{E88638C1-4296-4A47-A250-DE1126C69431}"
EndProject
Project("{FAE04EC0-301F-11D3-BF4B-00C04F79EFBC}") = "TrackService.Domain", "src\TrackService\TrackService.Domain\TrackService.Domain.csproj", "{22E6F0AA-C011-4779-BADF-2F3D9313EE06}"
EndProject
Project("{FAE04EC0-301F-11D3-BF4B-00C04F79EFBC}") = "TrackService.Infrastructure", "src\TrackService\TrackService.Infrastructure\TrackService.Infrastructure.csproj", "{DDCF5D7B-51B5-4FAB-94A3-C67A87089036}"
EndProject
Project("{FAE04EC0-301F-11D3-BF4B-00C04F79EFBC}") = "IdentityService.Tests", "tests\IdentityService.Tests\IdentityService.Tests.csproj", "{B3D8FBFF-D841-449F-AC76-453B0A111E2B}"
EndProject
Project("{FAE04EC0-301F-11D3-BF4B-00C04F79EFBC}") = "StreamingService.Tests", "tests\StreamingService.Tests\StreamingService.Tests.csproj", "{7C899130-DB0E-40A7-8B32-89DF0BC9CE0D}"
EndProject
Project("{FAE04EC0-301F-11D3-BF4B-00C04F79EFBC}") = "TrackService.Tests", "tests\TrackService.Tests\TrackService.Tests.csproj", "{157D1DEB-D25D-44AC-A837-B4DEF0378B14}"
EndProject
Global
	GlobalSection(SolutionConfigurationPlatforms) = preSolution
		Debug|Any CPU = Debug|Any CPU
		Debug|x64 = Debug|x64
		Debug|x86 = Debug|x86
		Release|Any CPU = Release|Any CPU
		Release|x64 = Release|x64
		Release|x86 = Release|x86
	EndGlobalSection
	GlobalSection(ProjectConfigurationPlatforms) = postSolution
		{B8B5088D-521C-47F7-A460-EB0E4379ED87}.Debug|Any CPU.ActiveCfg = Debug|Any CPU
		{B8B5088D-521C-47F7-A460-EB0E4379ED87}.Debug|Any CPU.Build.0 = Debug|Any CPU
		{B8B5088D-521C-47F7-A460-EB0E4379ED87}.Debug|x64.ActiveCfg = Debug|Any CPU
		{B8B5088D-521C-47F7-A460-EB0E4379ED87}.Debug|x64.Build.0 = Debug|Any CPU
		{B8B5088D-521C-47F7-A460-EB0E4379ED87}.Debug|x86.ActiveCfg = Debug|Any CPU
		{B8B5088D-521C-47F7-A460-EB0E4379ED87}.Debug|x86.Build.0 = Debug|Any CPU
		{B8B5088D-521C-47F7-A460-EB0E4379ED87}.Release|Any CPU.ActiveCfg = Release|Any CPU
		{B8B5088D-521C-47F7-A460-EB0E4379ED87}.Release|Any CPU.Build.0 = Release|Any CPU
		{B8B5088D-521C-47F7-A460-EB0E4379ED87}.Release|x64.ActiveCfg = Release|Any CPU
		{B8B5088D-521C-47F7-A460-EB0E4379ED87}.Release|x64.Build.0 = Release|Any CPU
		{B8B5088D-521C-47F7-A460-EB0E4379ED87}.Release|x86.ActiveCfg = Release|Any CPU
		{B8B5088D-521C-47F7-A460-EB0E4379ED87}.Release|x86.Build.0 = Release|Any CPU
		{79A131ED-A417-44DD-B755-391855BD7644}.Debug|Any CPU.ActiveCfg = Debug|Any CPU
		{79A131ED-A417-44DD-B755-391855BD7644}.Debug|Any CPU.Build.0 = Debug|Any CPU
		{79A131ED-A417-44DD-B755-391855BD7644}.Debug|x64.ActiveCfg = Debug|Any CPU
		{79A131ED-A417-44DD-B755-391855BD7644}.Debug|x64.Build.0 = Debug|Any CPU
		{79A131ED-A417-44DD-B755-391855BD7644}.Debug|x86.ActiveCfg = Debug|Any CPU
		{79A131ED-A417-44DD-B755-391855BD7644}.Debug|x86.Build.0 = Debug|Any CPU
		{79A131ED-A417-44DD-B755-391855BD7644}.Release|Any CPU.ActiveCfg = Release|Any CPU
		{79A131ED-A417-44DD-B755-391855BD7644}.Release|Any CPU.Build.0 = Release|Any CPU
		{79A131ED-A417-44DD-B755-391855BD7644}.Release|x64.ActiveCfg = Release|Any CPU
		{79A131ED-A417-44DD-B755-391855BD7644}.Release|x64.Build.0 = Release|Any CPU
		{79A131ED-A417-44DD-B755-391855BD7644}.Release|x86.ActiveCfg = Release|Any CPU
		{79A131ED-A417-44DD-B755-391855BD7644}.Release|x86.Build.0 = Release|Any CPU
		{C3877C73-11A1-4583-9F7D-FF219309B1E9}.Debug|Any CPU.ActiveCfg = Debug|Any CPU
		{C3877C73-11A1-4583-9F7D-FF219309B1E9}.Debug|Any CPU.Build.0 = Debug|Any CPU
		{C3877C73-11A1-4583-9F7D-FF219309B1E9}.Debug|x64.ActiveCfg = Debug|Any CPU
		{C3877C73-11A1-4583-9F7D-FF219309B1E9}.Debug|x64.Build.0 = Debug|Any CPU
		{C3877C73-11A1-4583-9F7D-FF219309B1E9}.Debug|x86.ActiveCfg = Debug|Any CPU
		{C3877C73-11A1-4583-9F7D-FF219309B1E9}.Debug|x86.Build.0 = Debug|Any CPU
		{C3877C73-11A1-4583-9F7D-FF219309B1E9}.Release|Any CPU.ActiveCfg = Release|Any CPU
		{C3877C73-11A1-4583-9F7D-FF219309B1E9}.Release|Any CPU.Build.0 = Release|Any CPU
		{C3877C73-11A1-4583-9F7D-FF219309B1E9}.Release|x64.ActiveCfg = Release|Any CPU
		{C3877C73-11A1-4583-9F7D-FF219309B1E9}.Release|x64.Build.0 = Release|Any CPU
		{C3877C73-11A1-4583-9F7D-FF219309B1E9}.Release|x86.ActiveCfg = Release|Any CPU
		{C3877C73-11A1-4583-9F7D-FF219309B1E9}.Release|x86.Build.0 = Release|Any CPU
		{E95FE4B1-5576-4AE8-A8F3-783EDBAF6202}.Debug|Any CPU.ActiveCfg = Debug|Any CPU
		{E95FE4B1-5576-4AE8-A8F3-783EDBAF6202}.Debug|Any CPU.Build.0 = Debug|Any CPU
		{E95FE4B1-5576-4AE8-A8F3-783EDBAF6202}.Debug|x64.ActiveCfg = Debug|Any CPU
		{E95FE4B1-5576-4AE8-A8F3-783EDBAF6202}.Debug|x64.Build.0 = Debug|Any CPU
		{E95FE4B1-5576-4AE8-A8F3-783EDBAF6202}.Debug|x86.ActiveCfg = Debug|Any CPU
		{E95FE4B1-5576-4AE8-A8F3-783EDBAF6202}.Debug|x86.Build.0 = Debug|Any CPU
		{E95FE4B1-5576-4AE8-A8F3-783EDBAF6202}.Release|Any CPU.ActiveCfg = Release|Any CPU
		{E95FE4B1-5576-4AE8-A8F3-783EDBAF6202}.Release|Any CPU.Build.0 = Release|Any CPU
		{E95FE4B1-5576-4AE8-A8F3-783EDBAF6202}.Release|x64.ActiveCfg = Release|Any CPU
		{E95FE4B1-5576-4AE8-A8F3-783EDBAF6202}.Release|x64.Build.0 = Release|Any CPU
		{E95FE4B1-5576-4AE8-A8F3-783EDBAF6202}.Release|x86.ActiveCfg = Release|Any CPU
		{E95FE4B1-5576-4AE8-A8F3-783EDBAF6202}.Release|x86.Build.0 = Release|Any CPU
		{CD5E6F7E-A70D-4F6F-A774-B8DF039E6E8F}.Debug|Any CPU.ActiveCfg = Debug|Any CPU
		{CD5E6F7E-A70D-4F6F-A774-B8DF039E6E8F}.Debug|Any CPU.Build.0 = Debug|Any CPU
		{CD5E6F7E-A70D-4F6F-A774-B8DF039E6E8F}.Debug|x64.ActiveCfg = Debug|Any CPU
		{CD5E6F7E-A70D-4F6F-A774-B8DF039E6E8F}.Debug|x64.Build.0 = Debug|Any CPU
		{CD5E6F7E-A70D-4F6F-A774-B8DF039E6E8F}.Debug|x86.ActiveCfg = Debug|Any CPU
		{CD5E6F7E-A70D-4F6F-A774-B8DF039E6E8F}.Debug|x86.Build.0 = Debug|Any CPU
		{CD5E6F7E-A70D-4F6F-A774-B8DF039E6E8F}.Release|Any CPU.ActiveCfg = Release|Any CPU
		{CD5E6F7E-A70D-4F6F-A774-B8DF039E6E8F}.Release|Any CPU.Build.0 = Release|Any CPU
		{CD5E6F7E-A70D-4F6F-A774-B8DF039E6E8F}.Release|x64.ActiveCfg = Release|Any CPU
		{CD5E6F7E-A70D-4F6F-A774-B8DF039E6E8F}.Release|x64.Build.0 = Release|Any CPU
		{CD5E6F7E-A70D-4F6F-A774-B8DF039E6E8F}.Release|x86.ActiveCfg = Release|Any CPU
		{CD5E6F7E-A70D-4F6F-A774-B8DF039E6E8F}.Release|x86.Build.0 = Release|Any CPU
		{40071B14-796E-458D-90A0-0DB0B6C317A2}.Debug|Any CPU.ActiveCfg = Debug|Any CPU
		{40071B14-796E-458D-90A0-0DB0B6C317A2}.Debug|Any CPU.Build.0 = Debug|Any CPU
		{40071B14-796E-458D-90A0-0DB0B6C317A2}.Debug|x64.ActiveCfg = Debug|Any CPU
		{40071B14-796E-458D-90A0-0DB0B6C317A2}.Debug|x64.Build.0 = Debug|Any CPU
		{40071B14-796E-458D-90A0-0DB0B6C317A2}.Debug|x86.ActiveCfg = Debug|Any CPU
		{40071B14-796E-458D-90A0-0DB0B6C317A2}.Debug|x86.Build.0 = Debug|Any CPU
		{40071B14-796E-458D-90A0-0DB0B6C317A2}.Release|Any CPU.ActiveCfg = Release|Any CPU
		{40071B14-796E-458D-90A0-0DB0B6C317A2}.Release|Any CPU.Build.0 = Release|Any CPU
		{40071B14-796E-458D-90A0-0DB0B6C317A2}.Release|x64.ActiveCfg = Release|Any CPU
		{40071B14-796E-458D-90A0-0DB0B6C317A2}.Release|x64.Build.0 = Release|Any CPU
		{40071B14-796E-458D-90A0-0DB0B6C317A2}.Release|x86.ActiveCfg = Release|Any CPU
		{40071B14-796E-458D-90A0-0DB0B6C317A2}.Release|x86.Build.0 = Release|Any CPU
		{943302F1-DB2C-4F30-B942-956A56D91813}.Debug|Any CPU.ActiveCfg = Debug|Any CPU
		{943302F1-DB2C-4F30-B942-956A56D91813}.Debug|Any CPU.Build.0 = Debug|Any CPU
		{943302F1-DB2C-4F30-B942-956A56D91813}.Debug|x64.ActiveCfg = Debug|Any CPU
		{943302F1-DB2C-4F30-B942-956A56D91813}.Debug|x64.Build.0 = Debug|Any CPU
		{943302F1-DB2C-4F30-B942-956A56D91813}.Debug|x86.ActiveCfg = Debug|Any CPU
		{943302F1-DB2C-4F30-B942-956A56D91813}.Debug|x86.Build.0 = Debug|Any CPU
		{943302F1-DB2C-4F30-B942-956A56D91813}.Release|Any CPU.ActiveCfg = Release|Any CPU
		{943302F1-DB2C-4F30-B942-956A56D91813}.Release|Any CPU.Build.0 = Release|Any CPU
		{943302F1-DB2C-4F30-B942-956A56D91813}.Release|x64.ActiveCfg = Release|Any CPU
		{943302F1-DB2C-4F30-B942-956A56D91813}.Release|x64.Build.0 = Release|Any CPU
		{943302F1-DB2C-4F30-B942-956A56D91813}.Release|x86.ActiveCfg = Release|Any CPU
		{943302F1-DB2C-4F30-B942-956A56D91813}.Release|x86.Build.0 = Release|Any CPU
		{26FD99BB-3561-498B-BD22-FF577D1D8424}.Debug|Any CPU.ActiveCfg = Debug|Any CPU
		{26FD99BB-3561-498B-BD22-FF577D1D8424}.Debug|Any CPU.Build.0 = Debug|Any CPU
		{26FD99BB-3561-498B-BD22-FF577D1D8424}.Debug|x64.ActiveCfg = Debug|Any CPU
		{26FD99BB-3561-498B-BD22-FF577D1D8424}.Debug|x64.Build.0 = Debug|Any CPU
		{26FD99BB-3561-498B-BD22-FF577D1D8424}.Debug|x86.ActiveCfg = Debug|Any CPU
		{26FD99BB-3561-498B-BD22-FF577D1D8424}.Debug|x86.Build.0 = Debug|Any CPU
		{26FD99BB-3561-498B-BD22-FF577D1D8424}.Release|Any CPU.ActiveCfg = Release|Any CPU
		{26FD99BB-3561-498B-BD22-FF577D1D8424}.Release|Any CPU.Build.0 = Release|Any CPU
		{26FD99BB-3561-498B-BD22-FF577D1D8424}.Release|x64.ActiveCfg = Release|Any CPU
		{26FD99BB-3561-498B-BD22-FF577D1D8424}.Release|x64.Build.0 = Release|Any CPU
		{26FD99BB-3561-498B-BD22-FF577D1D8424}.Release|x86.ActiveCfg = Release|Any CPU
		{26FD99BB-3561-498B-BD22-FF577D1D8424}.Release|x86.Build.0 = Release|Any CPU
		{3B25B129-6D11-4D60-A692-FE1389F100C6}.Debug|Any CPU.ActiveCfg = Debug|Any CPU
		{3B25B129-6D11-4D60-A692-FE1389F100C6}.Debug|Any CPU.Build.0 = Debug|Any CPU
		{3B25B129-6D11-4D60-A692-FE1389F100C6}.Debug|x64.ActiveCfg = Debug|Any CPU
		{3B25B129-6D11-4D60-A692-FE1389F100C6}.Debug|x64.Build.0 = Debug|Any CPU
		{3B25B129-6D11-4D60-A692-FE1389F100C6}.Debug|x86.ActiveCfg = Debug|Any CPU
		{3B25B129-6D11-4D60-A692-FE1389F100C6}.Debug|x86.Build.0 = Debug|Any CPU
		{3B25B129-6D11-4D60-A692-FE1389F100C6}.Release|Any CPU.ActiveCfg = Release|Any CPU
		{3B25B129-6D11-4D60-A692-FE1389F100C6}.Release|Any CPU.Build.0 = Release|Any CPU
		{3B25B129-6D11-4D60-A692-FE1389F100C6}.Release|x64.ActiveCfg = Release|Any CPU
		{3B25B129-6D11-4D60-A692-FE1389F100C6}.Release|x64.Build.0 = Release|Any CPU
		{3B25B129-6D11-4D60-A692-FE1389F100C6}.Release|x86.ActiveCfg = Release|Any CPU
		{3B25B129-6D11-4D60-A692-FE1389F100C6}.Release|x86.Build.0 = Release|Any CPU
		{E88638C1-4296-4A47-A250-DE1126C69431}.Debug|Any CPU.ActiveCfg = Debug|Any CPU
		{E88638C1-4296-4A47-A250-DE1126C69431}.Debug|Any CPU.Build.0 = Debug|Any CPU
		{E88638C1-4296-4A47-A250-DE1126C69431}.Debug|x64.ActiveCfg = Debug|Any CPU
		{E88638C1-4296-4A47-A250-DE1126C69431}.Debug|x64.Build.0 = Debug|Any CPU
		{E88638C1-4296-4A47-A250-DE1126C69431}.Debug|x86.ActiveCfg = Debug|Any CPU
		{E88638C1-4296-4A47-A250-DE1126C69431}.Debug|x86.Build.0 = Debug|Any CPU
		{E88638C1-4296-4A47-A250-DE1126C69431}.Release|Any CPU.ActiveCfg = Release|Any CPU
		{E88638C1-4296-4A47-A250-DE1126C69431}.Release|Any CPU.Build.0 = Release|Any CPU
		{E88638C1-4296-4A47-A250-DE1126C69431}.Release|x64.ActiveCfg = Release|Any CPU
		{E88638C1-4296-4A47-A250-DE1126C69431}.Release|x64.Build.0 = Release|Any CPU
		{E88638C1-4296-4A47-A250-DE1126C69431}.Release|x86.ActiveCfg = Release|Any CPU
		{E88638C1-4296-4A47-A250-DE1126C69431}.Release|x86.Build.0 = Release|Any CPU
		{22E6F0AA-C011-4779-BADF-2F3D9313EE06}.Debug|Any CPU.ActiveCfg = Debug|Any CPU
		{22E6F0AA-C011-4779-BADF-2F3D9313EE06}.Debug|Any CPU.Build.0 = Debug|Any CPU
		{22E6F0AA-C011-4779-BADF-2F3D9313EE06}.Debug|x64.ActiveCfg = Debug|Any CPU
		{22E6F0AA-C011-4779-BADF-2F3D9313EE06}.Debug|x64.Build.0 = Debug|Any CPU
		{22E6F0AA-C011-4779-BADF-2F3D9313EE06}.Debug|x86.ActiveCfg = Debug|Any CPU
		{22E6F0AA-C011-4779-BADF-2F3D9313EE06}.Debug|x86.Build.0 = Debug|Any CPU
		{22E6F0AA-C011-4779-BADF-2F3D9313EE06}.Release|Any CPU.ActiveCfg = Release|Any CPU
		{22E6F0AA-C011-4779-BADF-2F3D9313EE06}.Release|Any CPU.Build.0 = Release|Any CPU
		{22E6F0AA-C011-4779-BADF-2F3D9313EE06}.Release|x64.ActiveCfg = Release|Any CPU
		{22E6F0AA-C011-4779-BADF-2F3D9313EE06}.Release|x64.Build.0 = Release|Any CPU
		{22E6F0AA-C011-4779-BADF-2F3D9313EE06}.Release|x86.ActiveCfg = Release|Any CPU
		{22E6F0AA-C011-4779-BADF-2F3D9313EE06}.Release|x86.Build.0 = Release|Any CPU
		{DDCF5D7B-51B5-4FAB-94A3-C67A87089036}.Debug|Any CPU.ActiveCfg = Debug|Any CPU
		{DDCF5D7B-51B5-4FAB-94A3-C67A87089036}.Debug|Any CPU.Build.0 = Debug|Any CPU
		{DDCF5D7B-51B5-4FAB-94A3-C67A87089036}.Debug|x64.ActiveCfg = Debug|Any CPU
		{DDCF5D7B-51B5-4FAB-94A3-C67A87089036}.Debug|x64.Build.0 = Debug|Any CPU
		{DDCF5D7B-51B5-4FAB-94A3-C67A87089036}.Debug|x86.ActiveCfg = Debug|Any CPU
		{DDCF5D7B-51B5-4FAB-94A3-C67A87089036}.Debug|x86.Build.0 = Debug|Any CPU
		{DDCF5D7B-51B5-4FAB-94A3-C67A87089036}.Release|Any CPU.ActiveCfg = Release|Any CPU
		{DDCF5D7B-51B5-4FAB-94A3-C67A87089036}.Release|Any CPU.Build.0 = Release|Any CPU
		{DDCF5D7B-51B5-4FAB-94A3-C67A87089036}.Release|x64.ActiveCfg = Release|Any CPU
		{DDCF5D7B-51B5-4FAB-94A3-C67A87089036}.Release|x64.Build.0 = Release|Any CPU
		{DDCF5D7B-51B5-4FAB-94A3-C67A87089036}.Release|x86.ActiveCfg = Release|Any CPU
		{DDCF5D7B-51B5-4FAB-94A3-C67A87089036}.Release|x86.Build.0 = Release|Any CPU
		{B3D8FBFF-D841-449F-AC76-453B0A111E2B}.Debug|Any CPU.ActiveCfg = Debug|Any CPU
		{B3D8FBFF-D841-449F-AC76-453B0A111E2B}.Debug|Any CPU.Build.0 = Debug|Any CPU
		{B3D8FBFF-D841-449F-AC76-453B0A111E2B}.Debug|x64.ActiveCfg = Debug|Any CPU
		{B3D8FBFF-D841-449F-AC76-453B0A111E2B}.Debug|x64.Build.0 = Debug|Any CPU
		{B3D8FBFF-D841-449F-AC76-453B0A111E2B}.Debug|x86.ActiveCfg = Debug|Any CPU
		{B3D8FBFF-D841-449F-AC76-453B0A111E2B}.Debug|x86.Build.0 = Debug|Any CPU
		{B3D8FBFF-D841-449F-AC76-453B0A111E2B}.Release|Any CPU.ActiveCfg = Release|Any CPU
		{B3D8FBFF-D841-449F-AC76-453B0A111E2B}.Release|Any CPU.Build.0 = Release|Any CPU
		{B3D8FBFF-D841-449F-AC76-453B0A111E2B}.Release|x64.ActiveCfg = Release|Any CPU
		{B3D8FBFF-D841-449F-AC76-453B0A111E2B}.Release|x64.Build.0 = Release|Any CPU
		{B3D8FBFF-D841-449F-AC76-453B0A111E2B}.Release|x86.ActiveCfg = Release|Any CPU
		{B3D8FBFF-D841-449F-AC76-453B0A111E2B}.Release|x86.Build.0 = Release|Any CPU
		{7C899130-DB0E-40A7-8B32-89DF0BC9CE0D}.Debug|Any CPU.ActiveCfg = Debug|Any CPU
		{7C899130-DB0E-40A7-8B32-89DF0BC9CE0D}.Debug|Any CPU.Build.0 = Debug|Any CPU
		{7C899130-DB0E-40A7-8B32-89DF0BC9CE0D}.Debug|x64.ActiveCfg = Debug|Any CPU
		{7C899130-DB0E-40A7-8B32-89DF0BC9CE0D}.Debug|x64.Build.0 = Debug|Any CPU
		{7C899130-DB0E-40A7-8B32-89DF0BC9CE0D}.Debug|x86.ActiveCfg = Debug|Any CPU
		{7C899130-DB0E-40A7-8B32-89DF0BC9CE0D}.Debug|x86.Build.0 = Debug|Any CPU
		{7C899130-DB0E-40A7-8B32-89DF0BC9CE0D}.Release|Any CPU.ActiveCfg = Release|Any CPU
		{7C899130-DB0E-40A7-8B32-89DF0BC9CE0D}.Release|Any CPU.Build.0 = Release|Any CPU
		{7C899130-DB0E-40A7-8B32-89DF0BC9CE0D}.Release|x64.ActiveCfg = Release|Any CPU
		{7C899130-DB0E-40A7-8B32-89DF0BC9CE0D}.Release|x64.Build.0 = Release|Any CPU
		{7C899130-DB0E-40A7-8B32-89DF0BC9CE0D}.Release|x86.ActiveCfg = Release|Any CPU
		{7C899130-DB0E-40A7-8B32-89DF0BC9CE0D}.Release|x86.Build.0 = Release|Any CPU
		{157D1DEB-D25D-44AC-A837-B4DEF0378B14}.Debug|Any CPU.ActiveCfg = Debug|Any CPU
		{157D1DEB-D25D-44AC-A837-B4DEF0378B14}.Debug|Any CPU.Build.0 = Debug|Any CPU
		{157D1DEB-D25D-44AC-A837-B4DEF0378B14}.Debug|x64.ActiveCfg = Debug|Any CPU
		{157D1DEB-D25D-44AC-A837-B4DEF0378B14}.Debug|x64.Build.0 = Debug|Any CPU
		{157D1DEB-D25D-44AC-A837-B4DEF0378B14}.Debug|x86.ActiveCfg = Debug|Any CPU
		{157D1DEB-D25D-44AC-A837-B4DEF0378B14}.Debug|x86.Build.0 = Debug|Any CPU
		{157D1DEB-D25D-44AC-A837-B4DEF0378B14}.Release|Any CPU.ActiveCfg = Release|Any CPU
		{157D1DEB-D25D-44AC-A837-B4DEF0378B14}.Release|Any CPU.Build.0 = Release|Any CPU
		{157D1DEB-D25D-44AC-A837-B4DEF0378B14}.Release|x64.ActiveCfg = Release|Any CPU
		{157D1DEB-D25D-44AC-A837-B4DEF0378B14}.Release|x64.Build.0 = Release|Any CPU
		{157D1DEB-D25D-44AC-A837-B4DEF0378B14}.Release|x86.ActiveCfg = Release|Any CPU
		{157D1DEB-D25D-44AC-A837-B4DEF0378B14}.Release|x86.Build.0 = Release|Any CPU
	EndGlobalSection
	GlobalSection(SolutionProperties) = preSolution
		HideSolutionNode = FALSE
	EndGlobalSection
	GlobalSection(NestedProjects) = preSolution
		{F8B90FFE-BB37-8A69-F901-2B9289615797} = {827E0CD3-B72D-47B6-A68D-7590B98EB39B}
		{ED281F1A-DB47-421A-A5BA-8AC678719907} = {827E0CD3-B72D-47B6-A68D-7590B98EB39B}
		{9885C3BB-7D8D-475E-81DE-FF9DD6F794F4} = {827E0CD3-B72D-47B6-A68D-7590B98EB39B}
		{B8B5088D-521C-47F7-A460-EB0E4379ED87} = {F8B90FFE-BB37-8A69-F901-2B9289615797}
		{79A131ED-A417-44DD-B755-391855BD7644} = {F8B90FFE-BB37-8A69-F901-2B9289615797}
		{C3877C73-11A1-4583-9F7D-FF219309B1E9} = {F8B90FFE-BB37-8A69-F901-2B9289615797}
		{E95FE4B1-5576-4AE8-A8F3-783EDBAF6202} = {F8B90FFE-BB37-8A69-F901-2B9289615797}
		{3B25B129-6D11-4D60-A692-FE1389F100C6} = {ED281F1A-DB47-421A-A5BA-8AC678719907}
		{E88638C1-4296-4A47-A250-DE1126C69431} = {ED281F1A-DB47-421A-A5BA-8AC678719907}
		{22E6F0AA-C011-4779-BADF-2F3D9313EE06} = {ED281F1A-DB47-421A-A5BA-8AC678719907}
		{DDCF5D7B-51B5-4FAB-94A3-C67A87089036} = {ED281F1A-DB47-421A-A5BA-8AC678719907}
		{CD5E6F7E-A70D-4F6F-A774-B8DF039E6E8F} = {9885C3BB-7D8D-475E-81DE-FF9DD6F794F4}
		{40071B14-796E-458D-90A0-0DB0B6C317A2} = {9885C3BB-7D8D-475E-81DE-FF9DD6F794F4}
		{943302F1-DB2C-4F30-B942-956A56D91813} = {9885C3BB-7D8D-475E-81DE-FF9DD6F794F4}
		{26FD99BB-3561-498B-BD22-FF577D1D8424} = {9885C3BB-7D8D-475E-81DE-FF9DD6F794F4}
		{B3D8FBFF-D841-449F-AC76-453B0A111E2B} = {1042D8D9-428C-4773-B0F1-A24D89E32F9E}
		{7C899130-DB0E-40A7-8B32-89DF0BC9CE0D} = {1042D8D9-428C-4773-B0F1-A24D89E32F9E}
		{157D1DEB-D25D-44AC-A837-B4DEF0378B14} = {1042D8D9-428C-4773-B0F1-A24D89E32F9E}
	EndGlobalSection
EndGlobal
